// !$*UTF8*$!
{
	archiveVersion = 1;
	classes = {
	};
	objectVersion = 52;
	objects = {

/* Begin PBXBuildFile section */
		41245DD424D65F4A00497C9C /* Questions.swift in Sources */ = {isa = PBXBuildFile; fileRef = 41245DD324D65F4A00497C9C /* Questions.swift */; };
		41245DD624D65F5F00497C9C /* Chat.storyboard in Resources */ = {isa = PBXBuildFile; fileRef = 41245DD524D65F5F00497C9C /* Chat.storyboard */; };
		41245DD824D66C7200497C9C /* tester-again.json in Resources */ = {isa = PBXBuildFile; fileRef = 41245DD724D66C7200497C9C /* tester-again.json */; };
		41404FD624D24F2D00D870CA /* AppDelegate.swift in Sources */ = {isa = PBXBuildFile; fileRef = 41404FD524D24F2D00D870CA /* AppDelegate.swift */; };
		41404FD824D24F2D00D870CA /* SceneDelegate.swift in Sources */ = {isa = PBXBuildFile; fileRef = 41404FD724D24F2D00D870CA /* SceneDelegate.swift */; };
		41404FDA24D24F2D00D870CA /* ViewController.swift in Sources */ = {isa = PBXBuildFile; fileRef = 41404FD924D24F2D00D870CA /* ViewController.swift */; };
		41404FDD24D24F2D00D870CA /* Main.storyboard in Resources */ = {isa = PBXBuildFile; fileRef = 41404FDB24D24F2D00D870CA /* Main.storyboard */; };
		41404FDF24D24F3800D870CA /* Assets.xcassets in Resources */ = {isa = PBXBuildFile; fileRef = 41404FDE24D24F3800D870CA /* Assets.xcassets */; };
		41404FED24D24F3900D870CA /* EntwinedTests.swift in Sources */ = {isa = PBXBuildFile; fileRef = 41404FEC24D24F3900D870CA /* EntwinedTests.swift */; };
		41404FF824D24F3900D870CA /* EntwinedUITests.swift in Sources */ = {isa = PBXBuildFile; fileRef = 41404FF724D24F3900D870CA /* EntwinedUITests.swift */; };
		4140500924D2508300D870CA /* Lottie in Frameworks */ = {isa = PBXBuildFile; productRef = 4140500824D2508300D870CA /* Lottie */; };
		4140501124D260A300D870CA /* Onboarding.storyboard in Resources */ = {isa = PBXBuildFile; fileRef = 4140501024D260A300D870CA /* Onboarding.storyboard */; };
		4140502024D6261100D870CA /* entwined-official.json in Resources */ = {isa = PBXBuildFile; fileRef = 4140501F24D6261000D870CA /* entwined-official.json */; };
		4140502424D63D9000D870CA /* entwined-final.json in Resources */ = {isa = PBXBuildFile; fileRef = 4140502324D63D8F00D870CA /* entwined-final.json */; };
		4140502624D63F2500D870CA /* work-please.json in Resources */ = {isa = PBXBuildFile; fileRef = 4140502524D63F2500D870CA /* work-please.json */; };
		4140502824D641D300D870CA /* second-try.json in Resources */ = {isa = PBXBuildFile; fileRef = 4140502724D641D200D870CA /* second-try.json */; };
		4140502E24D64AA800D870CA /* logo.json in Resources */ = {isa = PBXBuildFile; fileRef = 4140502D24D64AA800D870CA /* logo.json */; };
/* End PBXBuildFile section */

/* Begin PBXContainerItemProxy section */
		41404FE924D24F3800D870CA /* PBXContainerItemProxy */ = {
			isa = PBXContainerItemProxy;
			containerPortal = 41404FCA24D24F2C00D870CA /* Project object */;
			proxyType = 1;
			remoteGlobalIDString = 41404FD124D24F2D00D870CA;
			remoteInfo = Entwined;
		};
		41404FF424D24F3900D870CA /* PBXContainerItemProxy */ = {
			isa = PBXContainerItemProxy;
			containerPortal = 41404FCA24D24F2C00D870CA /* Project object */;
			proxyType = 1;
			remoteGlobalIDString = 41404FD124D24F2D00D870CA;
			remoteInfo = Entwined;
		};
/* End PBXContainerItemProxy section */

/* Begin PBXFileReference section */
		41245DD324D65F4A00497C9C /* Questions.swift */ = {isa = PBXFileReference; fileEncoding = 4; lastKnownFileType = sourcecode.swift; path = Questions.swift; sourceTree = "<group>"; };
		41245DD524D65F5F00497C9C /* Chat.storyboard */ = {isa = PBXFileReference; fileEncoding = 4; lastKnownFileType = file.storyboard; path = Chat.storyboard; sourceTree = "<group>"; };
		41245DD724D66C7200497C9C /* tester-again.json */ = {isa = PBXFileReference; fileEncoding = 4; lastKnownFileType = text.json; name = "tester-again.json"; path = "../../../Downloads/tester-again.json"; sourceTree = "<group>"; };
		41404FD224D24F2D00D870CA /* Entwined.app */ = {isa = PBXFileReference; explicitFileType = wrapper.application; includeInIndex = 0; path = Entwined.app; sourceTree = BUILT_PRODUCTS_DIR; };
		41404FD524D24F2D00D870CA /* AppDelegate.swift */ = {isa = PBXFileReference; lastKnownFileType = sourcecode.swift; path = AppDelegate.swift; sourceTree = "<group>"; };
		41404FD724D24F2D00D870CA /* SceneDelegate.swift */ = {isa = PBXFileReference; lastKnownFileType = sourcecode.swift; path = SceneDelegate.swift; sourceTree = "<group>"; };
		41404FD924D24F2D00D870CA /* ViewController.swift */ = {isa = PBXFileReference; lastKnownFileType = sourcecode.swift; path = ViewController.swift; sourceTree = "<group>"; };
		41404FDC24D24F2D00D870CA /* Base */ = {isa = PBXFileReference; lastKnownFileType = file.storyboard; name = Base; path = Base.lproj/Main.storyboard; sourceTree = "<group>"; };
		41404FDE24D24F3800D870CA /* Assets.xcassets */ = {isa = PBXFileReference; lastKnownFileType = folder.assetcatalog; path = Assets.xcassets; sourceTree = "<group>"; };
		41404FE324D24F3800D870CA /* Info.plist */ = {isa = PBXFileReference; lastKnownFileType = text.plist.xml; path = Info.plist; sourceTree = "<group>"; };
		41404FE824D24F3800D870CA /* EntwinedTests.xctest */ = {isa = PBXFileReference; explicitFileType = wrapper.cfbundle; includeInIndex = 0; path = EntwinedTests.xctest; sourceTree = BUILT_PRODUCTS_DIR; };
		41404FEC24D24F3900D870CA /* EntwinedTests.swift */ = {isa = PBXFileReference; lastKnownFileType = sourcecode.swift; path = EntwinedTests.swift; sourceTree = "<group>"; };
		41404FEE24D24F3900D870CA /* Info.plist */ = {isa = PBXFileReference; lastKnownFileType = text.plist.xml; path = Info.plist; sourceTree = "<group>"; };
		41404FF324D24F3900D870CA /* EntwinedUITests.xctest */ = {isa = PBXFileReference; explicitFileType = wrapper.cfbundle; includeInIndex = 0; path = EntwinedUITests.xctest; sourceTree = BUILT_PRODUCTS_DIR; };
		41404FF724D24F3900D870CA /* EntwinedUITests.swift */ = {isa = PBXFileReference; lastKnownFileType = sourcecode.swift; path = EntwinedUITests.swift; sourceTree = "<group>"; };
		41404FF924D24F3900D870CA /* Info.plist */ = {isa = PBXFileReference; lastKnownFileType = text.plist.xml; path = Info.plist; sourceTree = "<group>"; };
		4140501024D260A300D870CA /* Onboarding.storyboard */ = {isa = PBXFileReference; lastKnownFileType = file.storyboard; path = Onboarding.storyboard; sourceTree = "<group>"; };
		4140501F24D6261000D870CA /* entwined-official.json */ = {isa = PBXFileReference; fileEncoding = 4; lastKnownFileType = text.json; path = "entwined-official.json"; sourceTree = "<group>"; };
		4140502324D63D8F00D870CA /* entwined-final.json */ = {isa = PBXFileReference; fileEncoding = 4; lastKnownFileType = text.json; path = "entwined-final.json"; sourceTree = "<group>"; };
		4140502524D63F2500D870CA /* work-please.json */ = {isa = PBXFileReference; fileEncoding = 4; lastKnownFileType = text.json; path = "work-please.json"; sourceTree = "<group>"; };
		4140502724D641D200D870CA /* second-try.json */ = {isa = PBXFileReference; fileEncoding = 4; lastKnownFileType = text.json; path = "second-try.json"; sourceTree = "<group>"; };
		4140502D24D64AA800D870CA /* logo.json */ = {isa = PBXFileReference; fileEncoding = 4; lastKnownFileType = text.json; path = logo.json; sourceTree = "<group>"; };
/* End PBXFileReference section */

/* Begin PBXFrameworksBuildPhase section */
		41404FCF24D24F2D00D870CA /* Frameworks */ = {
			isa = PBXFrameworksBuildPhase;
			buildActionMask = 2147483647;
			files = (
				4140500924D2508300D870CA /* Lottie in Frameworks */,
			);
			runOnlyForDeploymentPostprocessing = 0;
		};
		41404FE524D24F3800D870CA /* Frameworks */ = {
			isa = PBXFrameworksBuildPhase;
			buildActionMask = 2147483647;
			files = (
			);
			runOnlyForDeploymentPostprocessing = 0;
		};
		41404FF024D24F3900D870CA /* Frameworks */ = {
			isa = PBXFrameworksBuildPhase;
			buildActionMask = 2147483647;
			files = (
			);
			runOnlyForDeploymentPostprocessing = 0;
		};
/* End PBXFrameworksBuildPhase section */

/* Begin PBXGroup section */
		41404FC924D24F2C00D870CA = {
			isa = PBXGroup;
			children = (
				41404FD424D24F2D00D870CA /* Entwined */,
				41404FEB24D24F3900D870CA /* EntwinedTests */,
				41404FF624D24F3900D870CA /* EntwinedUITests */,
				41404FD324D24F2D00D870CA /* Products */,
			);
			sourceTree = "<group>";
		};
		41404FD324D24F2D00D870CA /* Products */ = {
			isa = PBXGroup;
			children = (
				41404FD224D24F2D00D870CA /* Entwined.app */,
				41404FE824D24F3800D870CA /* EntwinedTests.xctest */,
				41404FF324D24F3900D870CA /* EntwinedUITests.xctest */,
			);
			name = Products;
			sourceTree = "<group>";
		};
		41404FD424D24F2D00D870CA /* Entwined */ = {
			isa = PBXGroup;
			children = (
				41245DD524D65F5F00497C9C /* Chat.storyboard */,
				41404FD524D24F2D00D870CA /* AppDelegate.swift */,
				41404FD724D24F2D00D870CA /* SceneDelegate.swift */,
				41245DD324D65F4A00497C9C /* Questions.swift */,
				41404FD924D24F2D00D870CA /* ViewController.swift */,
				41245DD724D66C7200497C9C /* tester-again.json */,
				41404FDB24D24F2D00D870CA /* Main.storyboard */,
				4140501024D260A300D870CA /* Onboarding.storyboard */,
				41404FDE24D24F3800D870CA /* Assets.xcassets */,
				41404FE324D24F3800D870CA /* Info.plist */,
				4140502724D641D200D870CA /* second-try.json */,
				4140502524D63F2500D870CA /* work-please.json */,
				4140502D24D64AA800D870CA /* logo.json */,
				4140501F24D6261000D870CA /* entwined-official.json */,
				4140502324D63D8F00D870CA /* entwined-final.json */,
			);
			path = Entwined;
			sourceTree = "<group>";
		};
		41404FEB24D24F3900D870CA /* EntwinedTests */ = {
			isa = PBXGroup;
			children = (
				41404FEC24D24F3900D870CA /* EntwinedTests.swift */,
				41404FEE24D24F3900D870CA /* Info.plist */,
			);
			path = EntwinedTests;
			sourceTree = "<group>";
		};
		41404FF624D24F3900D870CA /* EntwinedUITests */ = {
			isa = PBXGroup;
			children = (
				41404FF724D24F3900D870CA /* EntwinedUITests.swift */,
				41404FF924D24F3900D870CA /* Info.plist */,
			);
			path = EntwinedUITests;
			sourceTree = "<group>";
		};
/* End PBXGroup section */

/* Begin PBXNativeTarget section */
		41404FD124D24F2D00D870CA /* Entwined */ = {
			isa = PBXNativeTarget;
			buildConfigurationList = 41404FFC24D24F3900D870CA /* Build configuration list for PBXNativeTarget "Entwined" */;
			buildPhases = (
				41404FCE24D24F2D00D870CA /* Sources */,
				41404FCF24D24F2D00D870CA /* Frameworks */,
				41404FD024D24F2D00D870CA /* Resources */,
			);
			buildRules = (
			);
			dependencies = (
			);
			name = Entwined;
			packageProductDependencies = (
				4140500824D2508300D870CA /* Lottie */,
			);
			productName = Entwined;
			productReference = 41404FD224D24F2D00D870CA /* Entwined.app */;
			productType = "com.apple.product-type.application";
		};
		41404FE724D24F3800D870CA /* EntwinedTests */ = {
			isa = PBXNativeTarget;
			buildConfigurationList = 41404FFF24D24F3900D870CA /* Build configuration list for PBXNativeTarget "EntwinedTests" */;
			buildPhases = (
				41404FE424D24F3800D870CA /* Sources */,
				41404FE524D24F3800D870CA /* Frameworks */,
				41404FE624D24F3800D870CA /* Resources */,
			);
			buildRules = (
			);
			dependencies = (
				41404FEA24D24F3800D870CA /* PBXTargetDependency */,
			);
			name = EntwinedTests;
			productName = EntwinedTests;
			productReference = 41404FE824D24F3800D870CA /* EntwinedTests.xctest */;
			productType = "com.apple.product-type.bundle.unit-test";
		};
		41404FF224D24F3900D870CA /* EntwinedUITests */ = {
			isa = PBXNativeTarget;
			buildConfigurationList = 4140500224D24F3900D870CA /* Build configuration list for PBXNativeTarget "EntwinedUITests" */;
			buildPhases = (
				41404FEF24D24F3900D870CA /* Sources */,
				41404FF024D24F3900D870CA /* Frameworks */,
				41404FF124D24F3900D870CA /* Resources */,
			);
			buildRules = (
			);
			dependencies = (
				41404FF524D24F3900D870CA /* PBXTargetDependency */,
			);
			name = EntwinedUITests;
			productName = EntwinedUITests;
			productReference = 41404FF324D24F3900D870CA /* EntwinedUITests.xctest */;
			productType = "com.apple.product-type.bundle.ui-testing";
		};
/* End PBXNativeTarget section */

/* Begin PBXProject section */
		41404FCA24D24F2C00D870CA /* Project object */ = {
			isa = PBXProject;
			attributes = {
				LastSwiftUpdateCheck = 1160;
				LastUpgradeCheck = 1160;
				ORGANIZATIONNAME = "Queenie Lau";
				TargetAttributes = {
					41404FD124D24F2D00D870CA = {
						CreatedOnToolsVersion = 11.6;
					};
					41404FE724D24F3800D870CA = {
						CreatedOnToolsVersion = 11.6;
						TestTargetID = 41404FD124D24F2D00D870CA;
					};
					41404FF224D24F3900D870CA = {
						CreatedOnToolsVersion = 11.6;
						TestTargetID = 41404FD124D24F2D00D870CA;
					};
				};
			};
			buildConfigurationList = 41404FCD24D24F2C00D870CA /* Build configuration list for PBXProject "Entwined" */;
			compatibilityVersion = "Xcode 9.3";
			developmentRegion = en;
			hasScannedForEncodings = 0;
			knownRegions = (
				en,
				Base,
			);
			mainGroup = 41404FC924D24F2C00D870CA;
			packageReferences = (
				4140500724D2508300D870CA /* XCRemoteSwiftPackageReference "lottie-ios" */,
			);
			productRefGroup = 41404FD324D24F2D00D870CA /* Products */;
			projectDirPath = "";
			projectRoot = "";
			targets = (
				41404FD124D24F2D00D870CA /* Entwined */,
				41404FE724D24F3800D870CA /* EntwinedTests */,
				41404FF224D24F3900D870CA /* EntwinedUITests */,
			);
		};
/* End PBXProject section */

/* Begin PBXResourcesBuildPhase section */
		41404FD024D24F2D00D870CA /* Resources */ = {
			isa = PBXResourcesBuildPhase;
			buildActionMask = 2147483647;
			files = (
				41404FDF24D24F3800D870CA /* Assets.xcassets in Resources */,
				41245DD824D66C7200497C9C /* tester-again.json in Resources */,
				41245DD624D65F5F00497C9C /* Chat.storyboard in Resources */,
				4140502E24D64AA800D870CA /* logo.json in Resources */,
				4140502624D63F2500D870CA /* work-please.json in Resources */,
				4140502824D641D300D870CA /* second-try.json in Resources */,
				41404FDD24D24F2D00D870CA /* Main.storyboard in Resources */,
				4140502424D63D9000D870CA /* entwined-final.json in Resources */,
				4140502024D6261100D870CA /* entwined-official.json in Resources */,
				4140501124D260A300D870CA /* Onboarding.storyboard in Resources */,
			);
			runOnlyForDeploymentPostprocessing = 0;
		};
		41404FE624D24F3800D870CA /* Resources */ = {
			isa = PBXResourcesBuildPhase;
			buildActionMask = 2147483647;
			files = (
			);
			runOnlyForDeploymentPostprocessing = 0;
		};
		41404FF124D24F3900D870CA /* Resources */ = {
			isa = PBXResourcesBuildPhase;
			buildActionMask = 2147483647;
			files = (
			);
			runOnlyForDeploymentPostprocessing = 0;
		};
/* End PBXResourcesBuildPhase section */

/* Begin PBXSourcesBuildPhase section */
		41404FCE24D24F2D00D870CA /* Sources */ = {
			isa = PBXSourcesBuildPhase;
			buildActionMask = 2147483647;
			files = (
				41404FDA24D24F2D00D870CA /* ViewController.swift in Sources */,
				41404FD624D24F2D00D870CA /* AppDelegate.swift in Sources */,
				41245DD424D65F4A00497C9C /* Questions.swift in Sources */,
				41404FD824D24F2D00D870CA /* SceneDelegate.swift in Sources */,
			);
			runOnlyForDeploymentPostprocessing = 0;
		};
		41404FE424D24F3800D870CA /* Sources */ = {
			isa = PBXSourcesBuildPhase;
			buildActionMask = 2147483647;
			files = (
				41404FED24D24F3900D870CA /* EntwinedTests.swift in Sources */,
			);
			runOnlyForDeploymentPostprocessing = 0;
		};
		41404FEF24D24F3900D870CA /* Sources */ = {
			isa = PBXSourcesBuildPhase;
			buildActionMask = 2147483647;
			files = (
				41404FF824D24F3900D870CA /* EntwinedUITests.swift in Sources */,
			);
			runOnlyForDeploymentPostprocessing = 0;
		};
/* End PBXSourcesBuildPhase section */

/* Begin PBXTargetDependency section */
		41404FEA24D24F3800D870CA /* PBXTargetDependency */ = {
			isa = PBXTargetDependency;
			target = 41404FD124D24F2D00D870CA /* Entwined */;
			targetProxy = 41404FE924D24F3800D870CA /* PBXContainerItemProxy */;
		};
		41404FF524D24F3900D870CA /* PBXTargetDependency */ = {
			isa = PBXTargetDependency;
			target = 41404FD124D24F2D00D870CA /* Entwined */;
			targetProxy = 41404FF424D24F3900D870CA /* PBXContainerItemProxy */;
		};
/* End PBXTargetDependency section */

/* Begin PBXVariantGroup section */
		41404FDB24D24F2D00D870CA /* Main.storyboard */ = {
			isa = PBXVariantGroup;
			children = (
				41404FDC24D24F2D00D870CA /* Base */,
			);
			name = Main.storyboard;
			sourceTree = "<group>";
		};
/* End PBXVariantGroup section */

/* Begin XCBuildConfiguration section */
		41404FFA24D24F3900D870CA /* Debug */ = {
			isa = XCBuildConfiguration;
			buildSettings = {
				ALWAYS_SEARCH_USER_PATHS = NO;
				CLANG_ANALYZER_NONNULL = YES;
				CLANG_ANALYZER_NUMBER_OBJECT_CONVERSION = YES_AGGRESSIVE;
				CLANG_CXX_LANGUAGE_STANDARD = "gnu++14";
				CLANG_CXX_LIBRARY = "libc++";
				CLANG_ENABLE_MODULES = YES;
				CLANG_ENABLE_OBJC_ARC = YES;
				CLANG_ENABLE_OBJC_WEAK = YES;
				CLANG_WARN_BLOCK_CAPTURE_AUTORELEASING = YES;
				CLANG_WARN_BOOL_CONVERSION = YES;
				CLANG_WARN_COMMA = YES;
				CLANG_WARN_CONSTANT_CONVERSION = YES;
				CLANG_WARN_DEPRECATED_OBJC_IMPLEMENTATIONS = YES;
				CLANG_WARN_DIRECT_OBJC_ISA_USAGE = YES_ERROR;
				CLANG_WARN_DOCUMENTATION_COMMENTS = YES;
				CLANG_WARN_EMPTY_BODY = YES;
				CLANG_WARN_ENUM_CONVERSION = YES;
				CLANG_WARN_INFINITE_RECURSION = YES;
				CLANG_WARN_INT_CONVERSION = YES;
				CLANG_WARN_NON_LITERAL_NULL_CONVERSION = YES;
				CLANG_WARN_OBJC_IMPLICIT_RETAIN_SELF = YES;
				CLANG_WARN_OBJC_LITERAL_CONVERSION = YES;
				CLANG_WARN_OBJC_ROOT_CLASS = YES_ERROR;
				CLANG_WARN_RANGE_LOOP_ANALYSIS = YES;
				CLANG_WARN_STRICT_PROTOTYPES = YES;
				CLANG_WARN_SUSPICIOUS_MOVE = YES;
				CLANG_WARN_UNGUARDED_AVAILABILITY = YES_AGGRESSIVE;
				CLANG_WARN_UNREACHABLE_CODE = YES;
				CLANG_WARN__DUPLICATE_METHOD_MATCH = YES;
				COPY_PHASE_STRIP = NO;
				DEBUG_INFORMATION_FORMAT = dwarf;
				ENABLE_STRICT_OBJC_MSGSEND = YES;
				ENABLE_TESTABILITY = YES;
				GCC_C_LANGUAGE_STANDARD = gnu11;
				GCC_DYNAMIC_NO_PIC = NO;
				GCC_NO_COMMON_BLOCKS = YES;
				GCC_OPTIMIZATION_LEVEL = 0;
				GCC_PREPROCESSOR_DEFINITIONS = (
					"DEBUG=1",
					"$(inherited)",
				);
				GCC_WARN_64_TO_32_BIT_CONVERSION = YES;
				GCC_WARN_ABOUT_RETURN_TYPE = YES_ERROR;
				GCC_WARN_UNDECLARED_SELECTOR = YES;
				GCC_WARN_UNINITIALIZED_AUTOS = YES_AGGRESSIVE;
				GCC_WARN_UNUSED_FUNCTION = YES;
				GCC_WARN_UNUSED_VARIABLE = YES;
				IPHONEOS_DEPLOYMENT_TARGET = 13.6;
				MTL_ENABLE_DEBUG_INFO = INCLUDE_SOURCE;
				MTL_FAST_MATH = YES;
				ONLY_ACTIVE_ARCH = YES;
				SDKROOT = iphoneos;
				SWIFT_ACTIVE_COMPILATION_CONDITIONS = DEBUG;
				SWIFT_OPTIMIZATION_LEVEL = "-Onone";
			};
			name = Debug;
		};
		41404FFB24D24F3900D870CA /* Release */ = {
			isa = XCBuildConfiguration;
			buildSettings = {
				ALWAYS_SEARCH_USER_PATHS = NO;
				CLANG_ANALYZER_NONNULL = YES;
				CLANG_ANALYZER_NUMBER_OBJECT_CONVERSION = YES_AGGRESSIVE;
				CLANG_CXX_LANGUAGE_STANDARD = "gnu++14";
				CLANG_CXX_LIBRARY = "libc++";
				CLANG_ENABLE_MODULES = YES;
				CLANG_ENABLE_OBJC_ARC = YES;
				CLANG_ENABLE_OBJC_WEAK = YES;
				CLANG_WARN_BLOCK_CAPTURE_AUTORELEASING = YES;
				CLANG_WARN_BOOL_CONVERSION = YES;
				CLANG_WARN_COMMA = YES;
				CLANG_WARN_CONSTANT_CONVERSION = YES;
				CLANG_WARN_DEPRECATED_OBJC_IMPLEMENTATIONS = YES;
				CLANG_WARN_DIRECT_OBJC_ISA_USAGE = YES_ERROR;
				CLANG_WARN_DOCUMENTATION_COMMENTS = YES;
				CLANG_WARN_EMPTY_BODY = YES;
				CLANG_WARN_ENUM_CONVERSION = YES;
				CLANG_WARN_INFINITE_RECURSION = YES;
				CLANG_WARN_INT_CONVERSION = YES;
				CLANG_WARN_NON_LITERAL_NULL_CONVERSION = YES;
				CLANG_WARN_OBJC_IMPLICIT_RETAIN_SELF = YES;
				CLANG_WARN_OBJC_LITERAL_CONVERSION = YES;
				CLANG_WARN_OBJC_ROOT_CLASS = YES_ERROR;
				CLANG_WARN_RANGE_LOOP_ANALYSIS = YES;
				CLANG_WARN_STRICT_PROTOTYPES = YES;
				CLANG_WARN_SUSPICIOUS_MOVE = YES;
				CLANG_WARN_UNGUARDED_AVAILABILITY = YES_AGGRESSIVE;
				CLANG_WARN_UNREACHABLE_CODE = YES;
				CLANG_WARN__DUPLICATE_METHOD_MATCH = YES;
				COPY_PHASE_STRIP = NO;
				DEBUG_INFORMATION_FORMAT = "dwarf-with-dsym";
				ENABLE_NS_ASSERTIONS = NO;
				ENABLE_STRICT_OBJC_MSGSEND = YES;
				GCC_C_LANGUAGE_STANDARD = gnu11;
				GCC_NO_COMMON_BLOCKS = YES;
				GCC_WARN_64_TO_32_BIT_CONVERSION = YES;
				GCC_WARN_ABOUT_RETURN_TYPE = YES_ERROR;
				GCC_WARN_UNDECLARED_SELECTOR = YES;
				GCC_WARN_UNINITIALIZED_AUTOS = YES_AGGRESSIVE;
				GCC_WARN_UNUSED_FUNCTION = YES;
				GCC_WARN_UNUSED_VARIABLE = YES;
				IPHONEOS_DEPLOYMENT_TARGET = 13.6;
				MTL_ENABLE_DEBUG_INFO = NO;
				MTL_FAST_MATH = YES;
				SDKROOT = iphoneos;
				SWIFT_COMPILATION_MODE = wholemodule;
				SWIFT_OPTIMIZATION_LEVEL = "-O";
				VALIDATE_PRODUCT = YES;
			};
			name = Release;
		};
		41404FFD24D24F3900D870CA /* Debug */ = {
			isa = XCBuildConfiguration;
			buildSettings = {
				ASSETCATALOG_COMPILER_APPICON_NAME = AppIcon;
				CODE_SIGN_STYLE = Automatic;
				INFOPLIST_FILE = Entwined/Info.plist;
				LD_RUNPATH_SEARCH_PATHS = (
					"$(inherited)",
					"@executable_path/Frameworks",
				);
				PRODUCT_BUNDLE_IDENTIFIER = com.queenielau.Entwined;
				PRODUCT_NAME = "$(TARGET_NAME)";
				SWIFT_VERSION = 5.0;
				TARGETED_DEVICE_FAMILY = "1,2";
			};
			name = Debug;
		};
		41404FFE24D24F3900D870CA /* Release */ = {
			isa = XCBuildConfiguration;
			buildSettings = {
				ASSETCATALOG_COMPILER_APPICON_NAME = AppIcon;
				CODE_SIGN_STYLE = Automatic;
				INFOPLIST_FILE = Entwined/Info.plist;
				LD_RUNPATH_SEARCH_PATHS = (
					"$(inherited)",
					"@executable_path/Frameworks",
				);
				PRODUCT_BUNDLE_IDENTIFIER = com.queenielau.Entwined;
				PRODUCT_NAME = "$(TARGET_NAME)";
				SWIFT_VERSION = 5.0;
				TARGETED_DEVICE_FAMILY = "1,2";
			};
			name = Release;
		};
		4140500024D24F3900D870CA /* Debug */ = {
			isa = XCBuildConfiguration;
			buildSettings = {
				ALWAYS_EMBED_SWIFT_STANDARD_LIBRARIES = YES;
				BUNDLE_LOADER = "$(TEST_HOST)";
				CODE_SIGN_STYLE = Automatic;
				INFOPLIST_FILE = EntwinedTests/Info.plist;
				IPHONEOS_DEPLOYMENT_TARGET = 13.6;
				LD_RUNPATH_SEARCH_PATHS = (
					"$(inherited)",
					"@executable_path/Frameworks",
					"@loader_path/Frameworks",
				);
				PRODUCT_BUNDLE_IDENTIFIER = com.queenielau.EntwinedTests;
				PRODUCT_NAME = "$(TARGET_NAME)";
				SWIFT_VERSION = 5.0;
				TARGETED_DEVICE_FAMILY = "1,2";
				TEST_HOST = "$(BUILT_PRODUCTS_DIR)/Entwined.app/Entwined";
			};
			name = Debug;
		};
		4140500124D24F3900D870CA /* Release */ = {
			isa = XCBuildConfiguration;
			buildSettings = {
				ALWAYS_EMBED_SWIFT_STANDARD_LIBRARIES = YES;
				BUNDLE_LOADER = "$(TEST_HOST)";
				CODE_SIGN_STYLE = Automatic;
				INFOPLIST_FILE = EntwinedTests/Info.plist;
				IPHONEOS_DEPLOYMENT_TARGET = 13.6;
				LD_RUNPATH_SEARCH_PATHS = (
					"$(inherited)",
					"@executable_path/Frameworks",
					"@loader_path/Frameworks",
				);
				PRODUCT_BUNDLE_IDENTIFIER = com.queenielau.EntwinedTests;
				PRODUCT_NAME = "$(TARGET_NAME)";
				SWIFT_VERSION = 5.0;
				TARGETED_DEVICE_FAMILY = "1,2";
				TEST_HOST = "$(BUILT_PRODUCTS_DIR)/Entwined.app/Entwined";
			};
			name = Release;
		};
		4140500324D24F3900D870CA /* Debug */ = {
			isa = XCBuildConfiguration;
			buildSettings = {
				ALWAYS_EMBED_SWIFT_STANDARD_LIBRARIES = YES;
				CODE_SIGN_STYLE = Automatic;
				INFOPLIST_FILE = EntwinedUITests/Info.plist;
				LD_RUNPATH_SEARCH_PATHS = (
					"$(inherited)",
					"@executable_path/Frameworks",
					"@loader_path/Frameworks",
				);
				PRODUCT_BUNDLE_IDENTIFIER = com.queenielau.EntwinedUITests;
				PRODUCT_NAME = "$(TARGET_NAME)";
				SWIFT_VERSION = 5.0;
				TARGETED_DEVICE_FAMILY = "1,2";
				TEST_TARGET_NAME = Entwined;
			};
			name = Debug;
		};
		4140500424D24F3900D870CA /* Release */ = {
			isa = XCBuildConfiguration;
			buildSettings = {
				ALWAYS_EMBED_SWIFT_STANDARD_LIBRARIES = YES;
				CODE_SIGN_STYLE = Automatic;
				INFOPLIST_FILE = EntwinedUITests/Info.plist;
				LD_RUNPATH_SEARCH_PATHS = (
					"$(inherited)",
					"@executable_path/Frameworks",
					"@loader_path/Frameworks",
				);
				PRODUCT_BUNDLE_IDENTIFIER = com.queenielau.EntwinedUITests;
				PRODUCT_NAME = "$(TARGET_NAME)";
				SWIFT_VERSION = 5.0;
				TARGETED_DEVICE_FAMILY = "1,2";
				TEST_TARGET_NAME = Entwined;
			};
			name = Release;
		};
/* End XCBuildConfiguration section */

/* Begin XCConfigurationList section */
		41404FCD24D24F2C00D870CA /* Build configuration list for PBXProject "Entwined" */ = {
			isa = XCConfigurationList;
			buildConfigurations = (
				41404FFA24D24F3900D870CA /* Debug */,
				41404FFB24D24F3900D870CA /* Release */,
			);
			defaultConfigurationIsVisible = 0;
			defaultConfigurationName = Release;
		};
		41404FFC24D24F3900D870CA /* Build configuration list for PBXNativeTarget "Entwined" */ = {
			isa = XCConfigurationList;
			buildConfigurations = (
				41404FFD24D24F3900D870CA /* Debug */,
				41404FFE24D24F3900D870CA /* Release */,
			);
			defaultConfigurationIsVisible = 0;
			defaultConfigurationName = Release;
		};
		41404FFF24D24F3900D870CA /* Build configuration list for PBXNativeTarget "EntwinedTests" */ = {
			isa = XCConfigurationList;
			buildConfigurations = (
				4140500024D24F3900D870CA /* Debug */,
				4140500124D24F3900D870CA /* Release */,
			);
			defaultConfigurationIsVisible = 0;
			defaultConfigurationName = Release;
		};
		4140500224D24F3900D870CA /* Build configuration list for PBXNativeTarget "EntwinedUITests" */ = {
			isa = XCConfigurationList;
			buildConfigurations = (
				4140500324D24F3900D870CA /* Debug */,
				4140500424D24F3900D870CA /* Release */,
			);
			defaultConfigurationIsVisible = 0;
			defaultConfigurationName = Release;
		};
/* End XCConfigurationList section */

/* Begin XCRemoteSwiftPackageReference section */
		4140500724D2508300D870CA /* XCRemoteSwiftPackageReference "lottie-ios" */ = {
			isa = XCRemoteSwiftPackageReference;
			repositoryURL = "https://github.com/airbnb/lottie-ios";
			requirement = {
				kind = upToNextMajorVersion;
				minimumVersion = 3.1.8;
			};
		};
/* End XCRemoteSwiftPackageReference section */

/* Begin XCSwiftPackageProductDependency section */
		4140500824D2508300D870CA /* Lottie */ = {
			isa = XCSwiftPackageProductDependency;
			package = 4140500724D2508300D870CA /* XCRemoteSwiftPackageReference "lottie-ios" */;
			productName = Lottie;
		};
/* End XCSwiftPackageProductDependency section */
	};
	rootObject = 41404FCA24D24F2C00D870CA /* Project object */;
}
